
Microsoft Visual Studio Solution File, Format Version 12.00
# Visual Studio Version 17
VisualStudioVersion = 17.6.33723.286
MinimumVisualStudioVersion = 10.0.40219.1
Project("{9A19103F-16F7-4668-BE54-9A1E7A4F7556}") = "Mi.Entity", "Mi.Entity\Mi.Entity.csproj", "{9741331F-3F80-4ACB-B2BA-3C628AECC89A}"
EndProject
Project("{9A19103F-16F7-4668-BE54-9A1E7A4F7556}") = "Mi.Core", "Mi.Core\Mi.Core.csproj", "{F762ADC5-86F0-4162-B9C4-EBE46B39EA2B}"
EndProject
Project("{9A19103F-16F7-4668-BE54-9A1E7A4F7556}") = "Mi.Admin", "Mi.Admin\Mi.Admin.csproj", "{74F475C2-C317-4690-BC0F-7419C12F6E91}"
EndProject
Project("{9A19103F-16F7-4668-BE54-9A1E7A4F7556}") = "Mi.IRepository", "Mi.IRepository\Mi.IRepository.csproj", "{8174582C-9198-4A74-B033-D91150023A50}"
EndProject
Project("{9A19103F-16F7-4668-BE54-9A1E7A4F7556}") = "Mi.Repository", "Mi.Repository\Mi.Repository.csproj", "{D79EE3F7-6D69-4404-85E3-183D00A0B1D2}"
EndProject
Project("{9A19103F-16F7-4668-BE54-9A1E7A4F7556}") = "Mi.IService", "Mi.IService\Mi.IService.csproj", "{9499B653-6F33-4023-95FC-17F468355561}"
EndProject
Project("{9A19103F-16F7-4668-BE54-9A1E7A4F7556}") = "Mi.Application", "Mi.Application\Mi.Application.csproj", "{EA1CC5E0-4EB6-4A82-8A5C-90BB30730817}"
EndProject
Global
	GlobalSection(SolutionConfigurationPlatforms) = preSolution
		Debug|Any CPU = Debug|Any CPU
		Release|Any CPU = Release|Any CPU
	EndGlobalSection
	GlobalSection(ProjectConfigurationPlatforms) = postSolution
		{9741331F-3F80-4ACB-B2BA-3C628AECC89A}.Debug|Any CPU.ActiveCfg = Debug|Any CPU
		{9741331F-3F80-4ACB-B2BA-3C628AECC89A}.Debug|Any CPU.Build.0 = Debug|Any CPU
		{9741331F-3F80-4ACB-B2BA-3C628AECC89A}.Release|Any CPU.ActiveCfg = Release|Any CPU
		{9741331F-3F80-4ACB-B2BA-3C628AECC89A}.Release|Any CPU.Build.0 = Release|Any CPU
		{F762ADC5-86F0-4162-B9C4-EBE46B39EA2B}.Debug|Any CPU.ActiveCfg = Debug|Any CPU
		{F762ADC5-86F0-4162-B9C4-EBE46B39EA2B}.Debug|Any CPU.Build.0 = Debug|Any CPU
		{F762ADC5-86F0-4162-B9C4-EBE46B39EA2B}.Release|Any CPU.ActiveCfg = Release|Any CPU
		{F762ADC5-86F0-4162-B9C4-EBE46B39EA2B}.Release|Any CPU.Build.0 = Release|Any CPU
		{74F475C2-C317-4690-BC0F-7419C12F6E91}.Debug|Any CPU.ActiveCfg = Debug|Any CPU
		{74F475C2-C317-4690-BC0F-7419C12F6E91}.Debug|Any CPU.Build.0 = Debug|Any CPU
		{74F475C2-C317-4690-BC0F-7419C12F6E91}.Release|Any CPU.ActiveCfg = Release|Any CPU
		{74F475C2-C317-4690-BC0F-7419C12F6E91}.Release|Any CPU.Build.0 = Release|Any CPU
		{8174582C-9198-4A74-B033-D91150023A50}.Debug|Any CPU.ActiveCfg = Debug|Any CPU
		{8174582C-9198-4A74-B033-D91150023A50}.Debug|Any CPU.Build.0 = Debug|Any CPU
		{8174582C-9198-4A74-B033-D91150023A50}.Release|Any CPU.ActiveCfg = Release|Any CPU
		{8174582C-9198-4A74-B033-D91150023A50}.Release|Any CPU.Build.0 = Release|Any CPU
		{D79EE3F7-6D69-4404-85E3-183D00A0B1D2}.Debug|Any CPU.ActiveCfg = Debug|Any CPU
		{D79EE3F7-6D69-4404-85E3-183D00A0B1D2}.Debug|Any CPU.Build.0 = Debug|Any CPU
		{D79EE3F7-6D69-4404-85E3-183D00A0B1D2}.Release|Any CPU.ActiveCfg = Release|Any CPU
		{D79EE3F7-6D69-4404-85E3-183D00A0B1D2}.Release|Any CPU.Build.0 = Release|Any CPU
		{9499B653-6F33-4023-95FC-17F468355561}.Debug|Any CPU.ActiveCfg = Debug|Any CPU
		{9499B653-6F33-4023-95FC-17F468355561}.Debug|Any CPU.Build.0 = Debug|Any CPU
		{9499B653-6F33-4023-95FC-17F468355561}.Release|Any CPU.ActiveCfg = Release|Any CPU
		{9499B653-6F33-4023-95FC-17F468355561}.Release|Any CPU.Build.0 = Release|Any CPU
		{EA1CC5E0-4EB6-4A82-8A5C-90BB30730817}.Debug|Any CPU.ActiveCfg = Debug|Any CPU
		{EA1CC5E0-4EB6-4A82-8A5C-90BB30730817}.Debug|Any CPU.Build.0 = Debug|Any CPU
		{EA1CC5E0-4EB6-4A82-8A5C-90BB30730817}.Release|Any CPU.ActiveCfg = Release|Any CPU
		{EA1CC5E0-4EB6-4A82-8A5C-90BB30730817}.Release|Any CPU.Build.0 = Release|Any CPU
	EndGlobalSection
	GlobalSection(SolutionProperties) = preSolution
		HideSolutionNode = FALSE
	EndGlobalSection
	GlobalSection(ExtensibilityGlobals) = postSolution
		SolutionGuid = {163BEB42-055B-4B76-A400-2137124838F0}
	EndGlobalSection
EndGlobal
