
Microsoft Visual Studio Solution File, Format Version 12.00
# Visual Studio Version 17
VisualStudioVersion = 17.6.33723.286
MinimumVisualStudioVersion = 10.0.40219.1
Project("{9A19103F-16F7-4668-BE54-9A1E7A4F7556}") = "Mi.Entity", "Mi.Entity\Mi.Entity.csproj", "{9741331F-3F80-4ACB-B2BA-3C628AECC89A}"
EndProject
Project("{9A19103F-16F7-4668-BE54-9A1E7A4F7556}") = "Mi.Core", "Mi.Core\Mi.Core.csproj", "{F762ADC5-86F0-4162-B9C4-EBE46B39EA2B}"
EndProject
Project("{2150E333-8FDC-42A3-9474-1A3956D46DE8}") = "Repository", "Repository", "{9B084088-299E-4451-AA87-11360D52CA88}"
EndProject
Project("{9A19103F-16F7-4668-BE54-9A1E7A4F7556}") = "Mi.IRepository", "Repository\Mi.IRepository\Mi.IRepository.csproj", "{A8B213B6-D145-4423-931F-673A60BE9C93}"
EndProject
Project("{2150E333-8FDC-42A3-9474-1A3956D46DE8}") = "Service", "Service", "{BE1D0729-C2AE-46D9-8F1D-F52D2B8E08BB}"
EndProject
Project("{9A19103F-16F7-4668-BE54-9A1E7A4F7556}") = "Mi.Repository", "Repository\Mi.Repository\Mi.Repository.csproj", "{5C46A07B-3D43-4F56-AF1F-0E7DBC7A6F17}"
EndProject
Project("{9A19103F-16F7-4668-BE54-9A1E7A4F7556}") = "Mi.Service", "Service\Mi.Service\Mi.Service.csproj", "{08A0E876-F1EB-42D3-B8E2-3856A55238C6}"
EndProject
Project("{9A19103F-16F7-4668-BE54-9A1E7A4F7556}") = "Mi.Admin", "Mi.Admin\Mi.Admin.csproj", "{74F475C2-C317-4690-BC0F-7419C12F6E91}"
EndProject
Project("{9A19103F-16F7-4668-BE54-9A1E7A4F7556}") = "Mi.IService", "Service\Mi.IService\Mi.IService.csproj", "{2884D48B-60A7-491E-AACC-5B32AF030422}"
EndProject
Global
	GlobalSection(SolutionConfigurationPlatforms) = preSolution
		Debug|Any CPU = Debug|Any CPU
		Release|Any CPU = Release|Any CPU
	EndGlobalSection
	GlobalSection(ProjectConfigurationPlatforms) = postSolution
		{9741331F-3F80-4ACB-B2BA-3C628AECC89A}.Debug|Any CPU.ActiveCfg = Debug|Any CPU
		{9741331F-3F80-4ACB-B2BA-3C628AECC89A}.Debug|Any CPU.Build.0 = Debug|Any CPU
		{9741331F-3F80-4ACB-B2BA-3C628AECC89A}.Release|Any CPU.ActiveCfg = Release|Any CPU
		{9741331F-3F80-4ACB-B2BA-3C628AECC89A}.Release|Any CPU.Build.0 = Release|Any CPU
		{F762ADC5-86F0-4162-B9C4-EBE46B39EA2B}.Debug|Any CPU.ActiveCfg = Debug|Any CPU
		{F762ADC5-86F0-4162-B9C4-EBE46B39EA2B}.Debug|Any CPU.Build.0 = Debug|Any CPU
		{F762ADC5-86F0-4162-B9C4-EBE46B39EA2B}.Release|Any CPU.ActiveCfg = Release|Any CPU
		{F762ADC5-86F0-4162-B9C4-EBE46B39EA2B}.Release|Any CPU.Build.0 = Release|Any CPU
		{A8B213B6-D145-4423-931F-673A60BE9C93}.Debug|Any CPU.ActiveCfg = Debug|Any CPU
		{A8B213B6-D145-4423-931F-673A60BE9C93}.Debug|Any CPU.Build.0 = Debug|Any CPU
		{A8B213B6-D145-4423-931F-673A60BE9C93}.Release|Any CPU.ActiveCfg = Release|Any CPU
		{A8B213B6-D145-4423-931F-673A60BE9C93}.Release|Any CPU.Build.0 = Release|Any CPU
		{5C46A07B-3D43-4F56-AF1F-0E7DBC7A6F17}.Debug|Any CPU.ActiveCfg = Debug|Any CPU
		{5C46A07B-3D43-4F56-AF1F-0E7DBC7A6F17}.Debug|Any CPU.Build.0 = Debug|Any CPU
		{5C46A07B-3D43-4F56-AF1F-0E7DBC7A6F17}.Release|Any CPU.ActiveCfg = Release|Any CPU
		{5C46A07B-3D43-4F56-AF1F-0E7DBC7A6F17}.Release|Any CPU.Build.0 = Release|Any CPU
		{08A0E876-F1EB-42D3-B8E2-3856A55238C6}.Debug|Any CPU.ActiveCfg = Debug|Any CPU
		{08A0E876-F1EB-42D3-B8E2-3856A55238C6}.Debug|Any CPU.Build.0 = Debug|Any CPU
		{08A0E876-F1EB-42D3-B8E2-3856A55238C6}.Release|Any CPU.ActiveCfg = Release|Any CPU
		{08A0E876-F1EB-42D3-B8E2-3856A55238C6}.Release|Any CPU.Build.0 = Release|Any CPU
		{74F475C2-C317-4690-BC0F-7419C12F6E91}.Debug|Any CPU.ActiveCfg = Debug|Any CPU
		{74F475C2-C317-4690-BC0F-7419C12F6E91}.Debug|Any CPU.Build.0 = Debug|Any CPU
		{74F475C2-C317-4690-BC0F-7419C12F6E91}.Release|Any CPU.ActiveCfg = Release|Any CPU
		{74F475C2-C317-4690-BC0F-7419C12F6E91}.Release|Any CPU.Build.0 = Release|Any CPU
		{2884D48B-60A7-491E-AACC-5B32AF030422}.Debug|Any CPU.ActiveCfg = Debug|Any CPU
		{2884D48B-60A7-491E-AACC-5B32AF030422}.Debug|Any CPU.Build.0 = Debug|Any CPU
		{2884D48B-60A7-491E-AACC-5B32AF030422}.Release|Any CPU.ActiveCfg = Release|Any CPU
		{2884D48B-60A7-491E-AACC-5B32AF030422}.Release|Any CPU.Build.0 = Release|Any CPU
	EndGlobalSection
	GlobalSection(SolutionProperties) = preSolution
		HideSolutionNode = FALSE
	EndGlobalSection
	GlobalSection(NestedProjects) = preSolution
		{A8B213B6-D145-4423-931F-673A60BE9C93} = {9B084088-299E-4451-AA87-11360D52CA88}
		{5C46A07B-3D43-4F56-AF1F-0E7DBC7A6F17} = {9B084088-299E-4451-AA87-11360D52CA88}
		{08A0E876-F1EB-42D3-B8E2-3856A55238C6} = {BE1D0729-C2AE-46D9-8F1D-F52D2B8E08BB}
		{2884D48B-60A7-491E-AACC-5B32AF030422} = {BE1D0729-C2AE-46D9-8F1D-F52D2B8E08BB}
	EndGlobalSection
	GlobalSection(ExtensibilityGlobals) = postSolution
		SolutionGuid = {163BEB42-055B-4B76-A400-2137124838F0}
	EndGlobalSection
EndGlobal
